
Microsoft Visual Studio Solution File, Format Version 12.00
# Visual Studio 15
VisualStudioVersion = 15.0.28010.2036
MinimumVisualStudioVersion = 10.0.40219.1
Project("{FAE04EC0-301F-11D3-BF4B-00C04F79EFBC}") = "App1_Vagas.Android", "AppVagas\App1_Vagas.Android\App1_Vagas.Android.csproj", "{F206613C-A545-4D48-9168-FA29CD5A9FF3}"
EndProject
Project("{FAE04EC0-301F-11D3-BF4B-00C04F79EFBC}") = "App1_Vagas.iOS", "AppVagas\App1_Vagas.iOS\App1_Vagas.iOS.csproj", "{6CA15A53-6248-4B3E-A124-3934D08D47C0}"
EndProject
Project("{FAE04EC0-301F-11D3-BF4B-00C04F79EFBC}") = "App1_Vagas.UWP", "AppVagas\App1_Vagas.UWP\App1_Vagas.UWP.csproj", "{237B6C81-267D-404C-9FDA-9FE2F0C0A3CF}"
EndProject
Project("{FAE04EC0-301F-11D3-BF4B-00C04F79EFBC}") = "App1_Vagas", "AppVagas\App1_Vagas\App1_Vagas.csproj", "{B8DD1B28-301A-48DC-8C13-60238D7435C7}"
EndProject
Global
	GlobalSection(SolutionConfigurationPlatforms) = preSolution
		Ad-Hoc|Any CPU = Ad-Hoc|Any CPU
		Ad-Hoc|ARM = Ad-Hoc|ARM
		Ad-Hoc|iPhone = Ad-Hoc|iPhone
		Ad-Hoc|iPhoneSimulator = Ad-Hoc|iPhoneSimulator
		Ad-Hoc|x64 = Ad-Hoc|x64
		Ad-Hoc|x86 = Ad-Hoc|x86
		AppStore|Any CPU = AppStore|Any CPU
		AppStore|ARM = AppStore|ARM
		AppStore|iPhone = AppStore|iPhone
		AppStore|iPhoneSimulator = AppStore|iPhoneSimulator
		AppStore|x64 = AppStore|x64
		AppStore|x86 = AppStore|x86
		Debug|Any CPU = Debug|Any CPU
		Debug|ARM = Debug|ARM
		Debug|iPhone = Debug|iPhone
		Debug|iPhoneSimulator = Debug|iPhoneSimulator
		Debug|x64 = Debug|x64
		Debug|x86 = Debug|x86
		Release|Any CPU = Release|Any CPU
		Release|ARM = Release|ARM
		Release|iPhone = Release|iPhone
		Release|iPhoneSimulator = Release|iPhoneSimulator
		Release|x64 = Release|x64
		Release|x86 = Release|x86
	EndGlobalSection
	GlobalSection(ProjectConfigurationPlatforms) = postSolution
		{F206613C-A545-4D48-9168-FA29CD5A9FF3}.Ad-Hoc|Any CPU.ActiveCfg = Release|Any CPU
		{F206613C-A545-4D48-9168-FA29CD5A9FF3}.Ad-Hoc|Any CPU.Build.0 = Release|Any CPU
		{F206613C-A545-4D48-9168-FA29CD5A9FF3}.Ad-Hoc|Any CPU.Deploy.0 = Release|Any CPU
		{F206613C-A545-4D48-9168-FA29CD5A9FF3}.Ad-Hoc|ARM.ActiveCfg = Release|Any CPU
		{F206613C-A545-4D48-9168-FA29CD5A9FF3}.Ad-Hoc|ARM.Build.0 = Release|Any CPU
		{F206613C-A545-4D48-9168-FA29CD5A9FF3}.Ad-Hoc|ARM.Deploy.0 = Release|Any CPU
		{F206613C-A545-4D48-9168-FA29CD5A9FF3}.Ad-Hoc|iPhone.ActiveCfg = Release|Any CPU
		{F206613C-A545-4D48-9168-FA29CD5A9FF3}.Ad-Hoc|iPhone.Build.0 = Release|Any CPU
		{F206613C-A545-4D48-9168-FA29CD5A9FF3}.Ad-Hoc|iPhone.Deploy.0 = Release|Any CPU
		{F206613C-A545-4D48-9168-FA29CD5A9FF3}.Ad-Hoc|iPhoneSimulator.ActiveCfg = Release|Any CPU
		{F206613C-A545-4D48-9168-FA29CD5A9FF3}.Ad-Hoc|iPhoneSimulator.Build.0 = Release|Any CPU
		{F206613C-A545-4D48-9168-FA29CD5A9FF3}.Ad-Hoc|iPhoneSimulator.Deploy.0 = Release|Any CPU
		{F206613C-A545-4D48-9168-FA29CD5A9FF3}.Ad-Hoc|x64.ActiveCfg = Release|Any CPU
		{F206613C-A545-4D48-9168-FA29CD5A9FF3}.Ad-Hoc|x64.Build.0 = Release|Any CPU
		{F206613C-A545-4D48-9168-FA29CD5A9FF3}.Ad-Hoc|x64.Deploy.0 = Release|Any CPU
		{F206613C-A545-4D48-9168-FA29CD5A9FF3}.Ad-Hoc|x86.ActiveCfg = Release|Any CPU
		{F206613C-A545-4D48-9168-FA29CD5A9FF3}.Ad-Hoc|x86.Build.0 = Release|Any CPU
		{F206613C-A545-4D48-9168-FA29CD5A9FF3}.Ad-Hoc|x86.Deploy.0 = Release|Any CPU
		{F206613C-A545-4D48-9168-FA29CD5A9FF3}.AppStore|Any CPU.ActiveCfg = Release|Any CPU
		{F206613C-A545-4D48-9168-FA29CD5A9FF3}.AppStore|Any CPU.Build.0 = Release|Any CPU
		{F206613C-A545-4D48-9168-FA29CD5A9FF3}.AppStore|Any CPU.Deploy.0 = Release|Any CPU
		{F206613C-A545-4D48-9168-FA29CD5A9FF3}.AppStore|ARM.ActiveCfg = Release|Any CPU
		{F206613C-A545-4D48-9168-FA29CD5A9FF3}.AppStore|ARM.Build.0 = Release|Any CPU
		{F206613C-A545-4D48-9168-FA29CD5A9FF3}.AppStore|ARM.Deploy.0 = Release|Any CPU
		{F206613C-A545-4D48-9168-FA29CD5A9FF3}.AppStore|iPhone.ActiveCfg = Release|Any CPU
		{F206613C-A545-4D48-9168-FA29CD5A9FF3}.AppStore|iPhone.Build.0 = Release|Any CPU
		{F206613C-A545-4D48-9168-FA29CD5A9FF3}.AppStore|iPhone.Deploy.0 = Release|Any CPU
		{F206613C-A545-4D48-9168-FA29CD5A9FF3}.AppStore|iPhoneSimulator.ActiveCfg = Release|Any CPU
		{F206613C-A545-4D48-9168-FA29CD5A9FF3}.AppStore|iPhoneSimulator.Build.0 = Release|Any CPU
		{F206613C-A545-4D48-9168-FA29CD5A9FF3}.AppStore|iPhoneSimulator.Deploy.0 = Release|Any CPU
		{F206613C-A545-4D48-9168-FA29CD5A9FF3}.AppStore|x64.ActiveCfg = Release|Any CPU
		{F206613C-A545-4D48-9168-FA29CD5A9FF3}.AppStore|x64.Build.0 = Release|Any CPU
		{F206613C-A545-4D48-9168-FA29CD5A9FF3}.AppStore|x64.Deploy.0 = Release|Any CPU
		{F206613C-A545-4D48-9168-FA29CD5A9FF3}.AppStore|x86.ActiveCfg = Release|Any CPU
		{F206613C-A545-4D48-9168-FA29CD5A9FF3}.AppStore|x86.Build.0 = Release|Any CPU
		{F206613C-A545-4D48-9168-FA29CD5A9FF3}.AppStore|x86.Deploy.0 = Release|Any CPU
		{F206613C-A545-4D48-9168-FA29CD5A9FF3}.Debug|Any CPU.ActiveCfg = Debug|Any CPU
		{F206613C-A545-4D48-9168-FA29CD5A9FF3}.Debug|Any CPU.Build.0 = Debug|Any CPU
		{F206613C-A545-4D48-9168-FA29CD5A9FF3}.Debug|Any CPU.Deploy.0 = Debug|Any CPU
		{F206613C-A545-4D48-9168-FA29CD5A9FF3}.Debug|ARM.ActiveCfg = Debug|Any CPU
		{F206613C-A545-4D48-9168-FA29CD5A9FF3}.Debug|ARM.Build.0 = Debug|Any CPU
		{F206613C-A545-4D48-9168-FA29CD5A9FF3}.Debug|ARM.Deploy.0 = Debug|Any CPU
		{F206613C-A545-4D48-9168-FA29CD5A9FF3}.Debug|iPhone.ActiveCfg = Debug|Any CPU
		{F206613C-A545-4D48-9168-FA29CD5A9FF3}.Debug|iPhone.Build.0 = Debug|Any CPU
		{F206613C-A545-4D48-9168-FA29CD5A9FF3}.Debug|iPhone.Deploy.0 = Debug|Any CPU
		{F206613C-A545-4D48-9168-FA29CD5A9FF3}.Debug|iPhoneSimulator.ActiveCfg = Debug|Any CPU
		{F206613C-A545-4D48-9168-FA29CD5A9FF3}.Debug|iPhoneSimulator.Build.0 = Debug|Any CPU
		{F206613C-A545-4D48-9168-FA29CD5A9FF3}.Debug|iPhoneSimulator.Deploy.0 = Debug|Any CPU
		{F206613C-A545-4D48-9168-FA29CD5A9FF3}.Debug|x64.ActiveCfg = Debug|Any CPU
		{F206613C-A545-4D48-9168-FA29CD5A9FF3}.Debug|x64.Build.0 = Debug|Any CPU
		{F206613C-A545-4D48-9168-FA29CD5A9FF3}.Debug|x64.Deploy.0 = Debug|Any CPU
		{F206613C-A545-4D48-9168-FA29CD5A9FF3}.Debug|x86.ActiveCfg = Debug|Any CPU
		{F206613C-A545-4D48-9168-FA29CD5A9FF3}.Debug|x86.Build.0 = Debug|Any CPU
		{F206613C-A545-4D48-9168-FA29CD5A9FF3}.Debug|x86.Deploy.0 = Debug|Any CPU
		{F206613C-A545-4D48-9168-FA29CD5A9FF3}.Release|Any CPU.ActiveCfg = Release|Any CPU
		{F206613C-A545-4D48-9168-FA29CD5A9FF3}.Release|Any CPU.Build.0 = Release|Any CPU
		{F206613C-A545-4D48-9168-FA29CD5A9FF3}.Release|Any CPU.Deploy.0 = Release|Any CPU
		{F206613C-A545-4D48-9168-FA29CD5A9FF3}.Release|ARM.ActiveCfg = Release|Any CPU
		{F206613C-A545-4D48-9168-FA29CD5A9FF3}.Release|ARM.Build.0 = Release|Any CPU
		{F206613C-A545-4D48-9168-FA29CD5A9FF3}.Release|ARM.Deploy.0 = Release|Any CPU
		{F206613C-A545-4D48-9168-FA29CD5A9FF3}.Release|iPhone.ActiveCfg = Release|Any CPU
		{F206613C-A545-4D48-9168-FA29CD5A9FF3}.Release|iPhone.Build.0 = Release|Any CPU
		{F206613C-A545-4D48-9168-FA29CD5A9FF3}.Release|iPhone.Deploy.0 = Release|Any CPU
		{F206613C-A545-4D48-9168-FA29CD5A9FF3}.Release|iPhoneSimulator.ActiveCfg = Release|Any CPU
		{F206613C-A545-4D48-9168-FA29CD5A9FF3}.Release|iPhoneSimulator.Build.0 = Release|Any CPU
		{F206613C-A545-4D48-9168-FA29CD5A9FF3}.Release|iPhoneSimulator.Deploy.0 = Release|Any CPU
		{F206613C-A545-4D48-9168-FA29CD5A9FF3}.Release|x64.ActiveCfg = Release|Any CPU
		{F206613C-A545-4D48-9168-FA29CD5A9FF3}.Release|x64.Build.0 = Release|Any CPU
		{F206613C-A545-4D48-9168-FA29CD5A9FF3}.Release|x64.Deploy.0 = Release|Any CPU
		{F206613C-A545-4D48-9168-FA29CD5A9FF3}.Release|x86.ActiveCfg = Release|Any CPU
		{F206613C-A545-4D48-9168-FA29CD5A9FF3}.Release|x86.Build.0 = Release|Any CPU
		{F206613C-A545-4D48-9168-FA29CD5A9FF3}.Release|x86.Deploy.0 = Release|Any CPU
		{6CA15A53-6248-4B3E-A124-3934D08D47C0}.Ad-Hoc|Any CPU.ActiveCfg = Ad-Hoc|iPhone
		{6CA15A53-6248-4B3E-A124-3934D08D47C0}.Ad-Hoc|Any CPU.Build.0 = Ad-Hoc|iPhone
		{6CA15A53-6248-4B3E-A124-3934D08D47C0}.Ad-Hoc|Any CPU.Deploy.0 = Ad-Hoc|iPhone
		{6CA15A53-6248-4B3E-A124-3934D08D47C0}.Ad-Hoc|ARM.ActiveCfg = Ad-Hoc|iPhone
		{6CA15A53-6248-4B3E-A124-3934D08D47C0}.Ad-Hoc|ARM.Build.0 = Ad-Hoc|iPhone
		{6CA15A53-6248-4B3E-A124-3934D08D47C0}.Ad-Hoc|ARM.Deploy.0 = Ad-Hoc|iPhone
		{6CA15A53-6248-4B3E-A124-3934D08D47C0}.Ad-Hoc|iPhone.ActiveCfg = Ad-Hoc|iPhone
		{6CA15A53-6248-4B3E-A124-3934D08D47C0}.Ad-Hoc|iPhone.Build.0 = Ad-Hoc|iPhone
		{6CA15A53-6248-4B3E-A124-3934D08D47C0}.Ad-Hoc|iPhone.Deploy.0 = Ad-Hoc|iPhone
		{6CA15A53-6248-4B3E-A124-3934D08D47C0}.Ad-Hoc|iPhoneSimulator.ActiveCfg = Ad-Hoc|iPhoneSimulator
		{6CA15A53-6248-4B3E-A124-3934D08D47C0}.Ad-Hoc|iPhoneSimulator.Build.0 = Ad-Hoc|iPhoneSimulator
		{6CA15A53-6248-4B3E-A124-3934D08D47C0}.Ad-Hoc|iPhoneSimulator.Deploy.0 = Ad-Hoc|iPhoneSimulator
		{6CA15A53-6248-4B3E-A124-3934D08D47C0}.Ad-Hoc|x64.ActiveCfg = Ad-Hoc|iPhone
		{6CA15A53-6248-4B3E-A124-3934D08D47C0}.Ad-Hoc|x64.Build.0 = Ad-Hoc|iPhone
		{6CA15A53-6248-4B3E-A124-3934D08D47C0}.Ad-Hoc|x64.Deploy.0 = Ad-Hoc|iPhone
		{6CA15A53-6248-4B3E-A124-3934D08D47C0}.Ad-Hoc|x86.ActiveCfg = Ad-Hoc|iPhone
		{6CA15A53-6248-4B3E-A124-3934D08D47C0}.Ad-Hoc|x86.Build.0 = Ad-Hoc|iPhone
		{6CA15A53-6248-4B3E-A124-3934D08D47C0}.Ad-Hoc|x86.Deploy.0 = Ad-Hoc|iPhone
		{6CA15A53-6248-4B3E-A124-3934D08D47C0}.AppStore|Any CPU.ActiveCfg = AppStore|iPhone
		{6CA15A53-6248-4B3E-A124-3934D08D47C0}.AppStore|Any CPU.Build.0 = AppStore|iPhone
		{6CA15A53-6248-4B3E-A124-3934D08D47C0}.AppStore|Any CPU.Deploy.0 = AppStore|iPhone
		{6CA15A53-6248-4B3E-A124-3934D08D47C0}.AppStore|ARM.ActiveCfg = AppStore|iPhone
		{6CA15A53-6248-4B3E-A124-3934D08D47C0}.AppStore|ARM.Build.0 = AppStore|iPhone
		{6CA15A53-6248-4B3E-A124-3934D08D47C0}.AppStore|ARM.Deploy.0 = AppStore|iPhone
		{6CA15A53-6248-4B3E-A124-3934D08D47C0}.AppStore|iPhone.ActiveCfg = AppStore|iPhone
		{6CA15A53-6248-4B3E-A124-3934D08D47C0}.AppStore|iPhone.Build.0 = AppStore|iPhone
		{6CA15A53-6248-4B3E-A124-3934D08D47C0}.AppStore|iPhone.Deploy.0 = AppStore|iPhone
		{6CA15A53-6248-4B3E-A124-3934D08D47C0}.AppStore|iPhoneSimulator.ActiveCfg = AppStore|iPhoneSimulator
		{6CA15A53-6248-4B3E-A124-3934D08D47C0}.AppStore|iPhoneSimulator.Build.0 = AppStore|iPhoneSimulator
		{6CA15A53-6248-4B3E-A124-3934D08D47C0}.AppStore|iPhoneSimulator.Deploy.0 = AppStore|iPhoneSimulator
		{6CA15A53-6248-4B3E-A124-3934D08D47C0}.AppStore|x64.ActiveCfg = AppStore|iPhone
		{6CA15A53-6248-4B3E-A124-3934D08D47C0}.AppStore|x64.Build.0 = AppStore|iPhone
		{6CA15A53-6248-4B3E-A124-3934D08D47C0}.AppStore|x64.Deploy.0 = AppStore|iPhone
		{6CA15A53-6248-4B3E-A124-3934D08D47C0}.AppStore|x86.ActiveCfg = AppStore|iPhone
		{6CA15A53-6248-4B3E-A124-3934D08D47C0}.AppStore|x86.Build.0 = AppStore|iPhone
		{6CA15A53-6248-4B3E-A124-3934D08D47C0}.AppStore|x86.Deploy.0 = AppStore|iPhone
		{6CA15A53-6248-4B3E-A124-3934D08D47C0}.Debug|Any CPU.ActiveCfg = Debug|iPhoneSimulator
		{6CA15A53-6248-4B3E-A124-3934D08D47C0}.Debug|Any CPU.Build.0 = Debug|iPhoneSimulator
		{6CA15A53-6248-4B3E-A124-3934D08D47C0}.Debug|Any CPU.Deploy.0 = Debug|iPhoneSimulator
		{6CA15A53-6248-4B3E-A124-3934D08D47C0}.Debug|ARM.ActiveCfg = Debug|iPhone
		{6CA15A53-6248-4B3E-A124-3934D08D47C0}.Debug|ARM.Build.0 = Debug|iPhone
		{6CA15A53-6248-4B3E-A124-3934D08D47C0}.Debug|ARM.Deploy.0 = Debug|iPhone
		{6CA15A53-6248-4B3E-A124-3934D08D47C0}.Debug|iPhone.ActiveCfg = Debug|iPhone
		{6CA15A53-6248-4B3E-A124-3934D08D47C0}.Debug|iPhone.Build.0 = Debug|iPhone
		{6CA15A53-6248-4B3E-A124-3934D08D47C0}.Debug|iPhone.Deploy.0 = Debug|iPhone
		{6CA15A53-6248-4B3E-A124-3934D08D47C0}.Debug|iPhoneSimulator.ActiveCfg = Debug|iPhoneSimulator
		{6CA15A53-6248-4B3E-A124-3934D08D47C0}.Debug|iPhoneSimulator.Build.0 = Debug|iPhoneSimulator
		{6CA15A53-6248-4B3E-A124-3934D08D47C0}.Debug|iPhoneSimulator.Deploy.0 = Debug|iPhoneSimulator
		{6CA15A53-6248-4B3E-A124-3934D08D47C0}.Debug|x64.ActiveCfg = Debug|iPhone
		{6CA15A53-6248-4B3E-A124-3934D08D47C0}.Debug|x64.Build.0 = Debug|iPhone
		{6CA15A53-6248-4B3E-A124-3934D08D47C0}.Debug|x64.Deploy.0 = Debug|iPhone
		{6CA15A53-6248-4B3E-A124-3934D08D47C0}.Debug|x86.ActiveCfg = Debug|iPhone
		{6CA15A53-6248-4B3E-A124-3934D08D47C0}.Debug|x86.Build.0 = Debug|iPhone
		{6CA15A53-6248-4B3E-A124-3934D08D47C0}.Debug|x86.Deploy.0 = Debug|iPhone
		{6CA15A53-6248-4B3E-A124-3934D08D47C0}.Release|Any CPU.ActiveCfg = Release|iPhone
		{6CA15A53-6248-4B3E-A124-3934D08D47C0}.Release|Any CPU.Build.0 = Release|iPhone
		{6CA15A53-6248-4B3E-A124-3934D08D47C0}.Release|Any CPU.Deploy.0 = Release|iPhone
		{6CA15A53-6248-4B3E-A124-3934D08D47C0}.Release|ARM.ActiveCfg = Release|iPhone
		{6CA15A53-6248-4B3E-A124-3934D08D47C0}.Release|ARM.Build.0 = Release|iPhone
		{6CA15A53-6248-4B3E-A124-3934D08D47C0}.Release|ARM.Deploy.0 = Release|iPhone
		{6CA15A53-6248-4B3E-A124-3934D08D47C0}.Release|iPhone.ActiveCfg = Release|iPhone
		{6CA15A53-6248-4B3E-A124-3934D08D47C0}.Release|iPhone.Build.0 = Release|iPhone
		{6CA15A53-6248-4B3E-A124-3934D08D47C0}.Release|iPhone.Deploy.0 = Release|iPhone
		{6CA15A53-6248-4B3E-A124-3934D08D47C0}.Release|iPhoneSimulator.ActiveCfg = Release|iPhoneSimulator
		{6CA15A53-6248-4B3E-A124-3934D08D47C0}.Release|iPhoneSimulator.Build.0 = Release|iPhoneSimulator
		{6CA15A53-6248-4B3E-A124-3934D08D47C0}.Release|iPhoneSimulator.Deploy.0 = Release|iPhoneSimulator
		{6CA15A53-6248-4B3E-A124-3934D08D47C0}.Release|x64.ActiveCfg = Release|iPhone
		{6CA15A53-6248-4B3E-A124-3934D08D47C0}.Release|x64.Build.0 = Release|iPhone
		{6CA15A53-6248-4B3E-A124-3934D08D47C0}.Release|x64.Deploy.0 = Release|iPhone
		{6CA15A53-6248-4B3E-A124-3934D08D47C0}.Release|x86.ActiveCfg = Release|iPhone
		{6CA15A53-6248-4B3E-A124-3934D08D47C0}.Release|x86.Build.0 = Release|iPhone
		{6CA15A53-6248-4B3E-A124-3934D08D47C0}.Release|x86.Deploy.0 = Release|iPhone
		{237B6C81-267D-404C-9FDA-9FE2F0C0A3CF}.Ad-Hoc|Any CPU.ActiveCfg = Release|x86
		{237B6C81-267D-404C-9FDA-9FE2F0C0A3CF}.Ad-Hoc|Any CPU.Build.0 = Release|x86
		{237B6C81-267D-404C-9FDA-9FE2F0C0A3CF}.Ad-Hoc|Any CPU.Deploy.0 = Release|x86
		{237B6C81-267D-404C-9FDA-9FE2F0C0A3CF}.Ad-Hoc|ARM.ActiveCfg = Release|ARM
		{237B6C81-267D-404C-9FDA-9FE2F0C0A3CF}.Ad-Hoc|ARM.Build.0 = Release|ARM
		{237B6C81-267D-404C-9FDA-9FE2F0C0A3CF}.Ad-Hoc|ARM.Deploy.0 = Release|ARM
		{237B6C81-267D-404C-9FDA-9FE2F0C0A3CF}.Ad-Hoc|iPhone.ActiveCfg = Release|x86
		{237B6C81-267D-404C-9FDA-9FE2F0C0A3CF}.Ad-Hoc|iPhone.Build.0 = Release|x86
		{237B6C81-267D-404C-9FDA-9FE2F0C0A3CF}.Ad-Hoc|iPhone.Deploy.0 = Release|x86
		{237B6C81-267D-404C-9FDA-9FE2F0C0A3CF}.Ad-Hoc|iPhoneSimulator.ActiveCfg = Release|x86
		{237B6C81-267D-404C-9FDA-9FE2F0C0A3CF}.Ad-Hoc|iPhoneSimulator.Build.0 = Release|x86
		{237B6C81-267D-404C-9FDA-9FE2F0C0A3CF}.Ad-Hoc|iPhoneSimulator.Deploy.0 = Release|x86
		{237B6C81-267D-404C-9FDA-9FE2F0C0A3CF}.Ad-Hoc|x64.ActiveCfg = Release|x64
		{237B6C81-267D-404C-9FDA-9FE2F0C0A3CF}.Ad-Hoc|x64.Build.0 = Release|x64
		{237B6C81-267D-404C-9FDA-9FE2F0C0A3CF}.Ad-Hoc|x64.Deploy.0 = Release|x64
		{237B6C81-267D-404C-9FDA-9FE2F0C0A3CF}.Ad-Hoc|x86.ActiveCfg = Release|x86
		{237B6C81-267D-404C-9FDA-9FE2F0C0A3CF}.Ad-Hoc|x86.Build.0 = Release|x86
		{237B6C81-267D-404C-9FDA-9FE2F0C0A3CF}.Ad-Hoc|x86.Deploy.0 = Release|x86
		{237B6C81-267D-404C-9FDA-9FE2F0C0A3CF}.AppStore|Any CPU.ActiveCfg = Release|x86
		{237B6C81-267D-404C-9FDA-9FE2F0C0A3CF}.AppStore|Any CPU.Build.0 = Release|x86
		{237B6C81-267D-404C-9FDA-9FE2F0C0A3CF}.AppStore|Any CPU.Deploy.0 = Release|x86
		{237B6C81-267D-404C-9FDA-9FE2F0C0A3CF}.AppStore|ARM.ActiveCfg = Release|ARM
		{237B6C81-267D-404C-9FDA-9FE2F0C0A3CF}.AppStore|ARM.Build.0 = Release|ARM
		{237B6C81-267D-404C-9FDA-9FE2F0C0A3CF}.AppStore|ARM.Deploy.0 = Release|ARM
		{237B6C81-267D-404C-9FDA-9FE2F0C0A3CF}.AppStore|iPhone.ActiveCfg = Release|x86
		{237B6C81-267D-404C-9FDA-9FE2F0C0A3CF}.AppStore|iPhone.Build.0 = Release|x86
		{237B6C81-267D-404C-9FDA-9FE2F0C0A3CF}.AppStore|iPhone.Deploy.0 = Release|x86
		{237B6C81-267D-404C-9FDA-9FE2F0C0A3CF}.AppStore|iPhoneSimulator.ActiveCfg = Release|x86
		{237B6C81-267D-404C-9FDA-9FE2F0C0A3CF}.AppStore|iPhoneSimulator.Build.0 = Release|x86
		{237B6C81-267D-404C-9FDA-9FE2F0C0A3CF}.AppStore|iPhoneSimulator.Deploy.0 = Release|x86
		{237B6C81-267D-404C-9FDA-9FE2F0C0A3CF}.AppStore|x64.ActiveCfg = Release|x64
		{237B6C81-267D-404C-9FDA-9FE2F0C0A3CF}.AppStore|x64.Build.0 = Release|x64
		{237B6C81-267D-404C-9FDA-9FE2F0C0A3CF}.AppStore|x64.Deploy.0 = Release|x64
		{237B6C81-267D-404C-9FDA-9FE2F0C0A3CF}.AppStore|x86.ActiveCfg = Release|x86
		{237B6C81-267D-404C-9FDA-9FE2F0C0A3CF}.AppStore|x86.Build.0 = Release|x86
		{237B6C81-267D-404C-9FDA-9FE2F0C0A3CF}.AppStore|x86.Deploy.0 = Release|x86
		{237B6C81-267D-404C-9FDA-9FE2F0C0A3CF}.Debug|Any CPU.ActiveCfg = Debug|x86
		{237B6C81-267D-404C-9FDA-9FE2F0C0A3CF}.Debug|Any CPU.Build.0 = Debug|x86
		{237B6C81-267D-404C-9FDA-9FE2F0C0A3CF}.Debug|Any CPU.Deploy.0 = Debug|x86
		{237B6C81-267D-404C-9FDA-9FE2F0C0A3CF}.Debug|ARM.ActiveCfg = Debug|ARM
		{237B6C81-267D-404C-9FDA-9FE2F0C0A3CF}.Debug|ARM.Build.0 = Debug|ARM
		{237B6C81-267D-404C-9FDA-9FE2F0C0A3CF}.Debug|ARM.Deploy.0 = Debug|ARM
		{237B6C81-267D-404C-9FDA-9FE2F0C0A3CF}.Debug|iPhone.ActiveCfg = Debug|x86
		{237B6C81-267D-404C-9FDA-9FE2F0C0A3CF}.Debug|iPhone.Build.0 = Debug|x86
		{237B6C81-267D-404C-9FDA-9FE2F0C0A3CF}.Debug|iPhone.Deploy.0 = Debug|x86
		{237B6C81-267D-404C-9FDA-9FE2F0C0A3CF}.Debug|iPhoneSimulator.ActiveCfg = Debug|x86
		{237B6C81-267D-404C-9FDA-9FE2F0C0A3CF}.Debug|iPhoneSimulator.Build.0 = Debug|x86
		{237B6C81-267D-404C-9FDA-9FE2F0C0A3CF}.Debug|iPhoneSimulator.Deploy.0 = Debug|x86
		{237B6C81-267D-404C-9FDA-9FE2F0C0A3CF}.Debug|x64.ActiveCfg = Debug|x64
		{237B6C81-267D-404C-9FDA-9FE2F0C0A3CF}.Debug|x64.Build.0 = Debug|x64
		{237B6C81-267D-404C-9FDA-9FE2F0C0A3CF}.Debug|x64.Deploy.0 = Debug|x64
		{237B6C81-267D-404C-9FDA-9FE2F0C0A3CF}.Debug|x86.ActiveCfg = Debug|x86
		{237B6C81-267D-404C-9FDA-9FE2F0C0A3CF}.Debug|x86.Build.0 = Debug|x86
		{237B6C81-267D-404C-9FDA-9FE2F0C0A3CF}.Debug|x86.Deploy.0 = Debug|x86
		{237B6C81-267D-404C-9FDA-9FE2F0C0A3CF}.Release|Any CPU.ActiveCfg = Release|x86
		{237B6C81-267D-404C-9FDA-9FE2F0C0A3CF}.Release|Any CPU.Build.0 = Release|x86
		{237B6C81-267D-404C-9FDA-9FE2F0C0A3CF}.Release|Any CPU.Deploy.0 = Release|x86
		{237B6C81-267D-404C-9FDA-9FE2F0C0A3CF}.Release|ARM.ActiveCfg = Release|ARM
		{237B6C81-267D-404C-9FDA-9FE2F0C0A3CF}.Release|ARM.Build.0 = Release|ARM
		{237B6C81-267D-404C-9FDA-9FE2F0C0A3CF}.Release|ARM.Deploy.0 = Release|ARM
		{237B6C81-267D-404C-9FDA-9FE2F0C0A3CF}.Release|iPhone.ActiveCfg = Release|x86
		{237B6C81-267D-404C-9FDA-9FE2F0C0A3CF}.Release|iPhone.Build.0 = Release|x86
		{237B6C81-267D-404C-9FDA-9FE2F0C0A3CF}.Release|iPhone.Deploy.0 = Release|x86
		{237B6C81-267D-404C-9FDA-9FE2F0C0A3CF}.Release|iPhoneSimulator.ActiveCfg = Release|x86
		{237B6C81-267D-404C-9FDA-9FE2F0C0A3CF}.Release|iPhoneSimulator.Build.0 = Release|x86
		{237B6C81-267D-404C-9FDA-9FE2F0C0A3CF}.Release|iPhoneSimulator.Deploy.0 = Release|x86
		{237B6C81-267D-404C-9FDA-9FE2F0C0A3CF}.Release|x64.ActiveCfg = Release|x64
		{237B6C81-267D-404C-9FDA-9FE2F0C0A3CF}.Release|x64.Build.0 = Release|x64
		{237B6C81-267D-404C-9FDA-9FE2F0C0A3CF}.Release|x64.Deploy.0 = Release|x64
		{237B6C81-267D-404C-9FDA-9FE2F0C0A3CF}.Release|x86.ActiveCfg = Release|x86
		{237B6C81-267D-404C-9FDA-9FE2F0C0A3CF}.Release|x86.Build.0 = Release|x86
		{237B6C81-267D-404C-9FDA-9FE2F0C0A3CF}.Release|x86.Deploy.0 = Release|x86
		{B8DD1B28-301A-48DC-8C13-60238D7435C7}.Ad-Hoc|Any CPU.ActiveCfg = Debug|Any CPU
		{B8DD1B28-301A-48DC-8C13-60238D7435C7}.Ad-Hoc|Any CPU.Build.0 = Debug|Any CPU
		{B8DD1B28-301A-48DC-8C13-60238D7435C7}.Ad-Hoc|Any CPU.Deploy.0 = Debug|Any CPU
		{B8DD1B28-301A-48DC-8C13-60238D7435C7}.Ad-Hoc|ARM.ActiveCfg = Debug|Any CPU
		{B8DD1B28-301A-48DC-8C13-60238D7435C7}.Ad-Hoc|ARM.Build.0 = Debug|Any CPU
		{B8DD1B28-301A-48DC-8C13-60238D7435C7}.Ad-Hoc|ARM.Deploy.0 = Debug|Any CPU
		{B8DD1B28-301A-48DC-8C13-60238D7435C7}.Ad-Hoc|iPhone.ActiveCfg = Debug|Any CPU
		{B8DD1B28-301A-48DC-8C13-60238D7435C7}.Ad-Hoc|iPhone.Build.0 = Debug|Any CPU
		{B8DD1B28-301A-48DC-8C13-60238D7435C7}.Ad-Hoc|iPhone.Deploy.0 = Debug|Any CPU
		{B8DD1B28-301A-48DC-8C13-60238D7435C7}.Ad-Hoc|iPhoneSimulator.ActiveCfg = Debug|Any CPU
		{B8DD1B28-301A-48DC-8C13-60238D7435C7}.Ad-Hoc|iPhoneSimulator.Build.0 = Debug|Any CPU
		{B8DD1B28-301A-48DC-8C13-60238D7435C7}.Ad-Hoc|iPhoneSimulator.Deploy.0 = Debug|Any CPU
		{B8DD1B28-301A-48DC-8C13-60238D7435C7}.Ad-Hoc|x64.ActiveCfg = Debug|Any CPU
		{B8DD1B28-301A-48DC-8C13-60238D7435C7}.Ad-Hoc|x64.Build.0 = Debug|Any CPU
		{B8DD1B28-301A-48DC-8C13-60238D7435C7}.Ad-Hoc|x64.Deploy.0 = Debug|Any CPU
		{B8DD1B28-301A-48DC-8C13-60238D7435C7}.Ad-Hoc|x86.ActiveCfg = Debug|Any CPU
		{B8DD1B28-301A-48DC-8C13-60238D7435C7}.Ad-Hoc|x86.Build.0 = Debug|Any CPU
		{B8DD1B28-301A-48DC-8C13-60238D7435C7}.Ad-Hoc|x86.Deploy.0 = Debug|Any CPU
		{B8DD1B28-301A-48DC-8C13-60238D7435C7}.AppStore|Any CPU.ActiveCfg = Debug|Any CPU
		{B8DD1B28-301A-48DC-8C13-60238D7435C7}.AppStore|Any CPU.Build.0 = Debug|Any CPU
		{B8DD1B28-301A-48DC-8C13-60238D7435C7}.AppStore|Any CPU.Deploy.0 = Debug|Any CPU
		{B8DD1B28-301A-48DC-8C13-60238D7435C7}.AppStore|ARM.ActiveCfg = Debug|Any CPU
		{B8DD1B28-301A-48DC-8C13-60238D7435C7}.AppStore|ARM.Build.0 = Debug|Any CPU
		{B8DD1B28-301A-48DC-8C13-60238D7435C7}.AppStore|ARM.Deploy.0 = Debug|Any CPU
		{B8DD1B28-301A-48DC-8C13-60238D7435C7}.AppStore|iPhone.ActiveCfg = Debug|Any CPU
		{B8DD1B28-301A-48DC-8C13-60238D7435C7}.AppStore|iPhone.Build.0 = Debug|Any CPU
		{B8DD1B28-301A-48DC-8C13-60238D7435C7}.AppStore|iPhone.Deploy.0 = Debug|Any CPU
		{B8DD1B28-301A-48DC-8C13-60238D7435C7}.AppStore|iPhoneSimulator.ActiveCfg = Debug|Any CPU
		{B8DD1B28-301A-48DC-8C13-60238D7435C7}.AppStore|iPhoneSimulator.Build.0 = Debug|Any CPU
		{B8DD1B28-301A-48DC-8C13-60238D7435C7}.AppStore|iPhoneSimulator.Deploy.0 = Debug|Any CPU
		{B8DD1B28-301A-48DC-8C13-60238D7435C7}.AppStore|x64.ActiveCfg = Debug|Any CPU
		{B8DD1B28-301A-48DC-8C13-60238D7435C7}.AppStore|x64.Build.0 = Debug|Any CPU
		{B8DD1B28-301A-48DC-8C13-60238D7435C7}.AppStore|x64.Deploy.0 = Debug|Any CPU
		{B8DD1B28-301A-48DC-8C13-60238D7435C7}.AppStore|x86.ActiveCfg = Debug|Any CPU
		{B8DD1B28-301A-48DC-8C13-60238D7435C7}.AppStore|x86.Build.0 = Debug|Any CPU
		{B8DD1B28-301A-48DC-8C13-60238D7435C7}.AppStore|x86.Deploy.0 = Debug|Any CPU
		{B8DD1B28-301A-48DC-8C13-60238D7435C7}.Debug|Any CPU.ActiveCfg = Debug|Any CPU
		{B8DD1B28-301A-48DC-8C13-60238D7435C7}.Debug|Any CPU.Build.0 = Debug|Any CPU
		{B8DD1B28-301A-48DC-8C13-60238D7435C7}.Debug|Any CPU.Deploy.0 = Debug|Any CPU
		{B8DD1B28-301A-48DC-8C13-60238D7435C7}.Debug|ARM.ActiveCfg = Debug|Any CPU
		{B8DD1B28-301A-48DC-8C13-60238D7435C7}.Debug|ARM.Build.0 = Debug|Any CPU
		{B8DD1B28-301A-48DC-8C13-60238D7435C7}.Debug|ARM.Deploy.0 = Debug|Any CPU
		{B8DD1B28-301A-48DC-8C13-60238D7435C7}.Debug|iPhone.ActiveCfg = Debug|Any CPU
		{B8DD1B28-301A-48DC-8C13-60238D7435C7}.Debug|iPhone.Build.0 = Debug|Any CPU
		{B8DD1B28-301A-48DC-8C13-60238D7435C7}.Debug|iPhone.Deploy.0 = Debug|Any CPU
		{B8DD1B28-301A-48DC-8C13-60238D7435C7}.Debug|iPhoneSimulator.ActiveCfg = Debug|Any CPU
		{B8DD1B28-301A-48DC-8C13-60238D7435C7}.Debug|iPhoneSimulator.Build.0 = Debug|Any CPU
		{B8DD1B28-301A-48DC-8C13-60238D7435C7}.Debug|iPhoneSimulator.Deploy.0 = Debug|Any CPU
		{B8DD1B28-301A-48DC-8C13-60238D7435C7}.Debug|x64.ActiveCfg = Debug|Any CPU
		{B8DD1B28-301A-48DC-8C13-60238D7435C7}.Debug|x64.Build.0 = Debug|Any CPU
		{B8DD1B28-301A-48DC-8C13-60238D7435C7}.Debug|x64.Deploy.0 = Debug|Any CPU
		{B8DD1B28-301A-48DC-8C13-60238D7435C7}.Debug|x86.ActiveCfg = Debug|Any CPU
		{B8DD1B28-301A-48DC-8C13-60238D7435C7}.Debug|x86.Build.0 = Debug|Any CPU
		{B8DD1B28-301A-48DC-8C13-60238D7435C7}.Debug|x86.Deploy.0 = Debug|Any CPU
		{B8DD1B28-301A-48DC-8C13-60238D7435C7}.Release|Any CPU.ActiveCfg = Release|Any CPU
		{B8DD1B28-301A-48DC-8C13-60238D7435C7}.Release|Any CPU.Build.0 = Release|Any CPU
		{B8DD1B28-301A-48DC-8C13-60238D7435C7}.Release|Any CPU.Deploy.0 = Release|Any CPU
		{B8DD1B28-301A-48DC-8C13-60238D7435C7}.Release|ARM.ActiveCfg = Release|Any CPU
		{B8DD1B28-301A-48DC-8C13-60238D7435C7}.Release|ARM.Build.0 = Release|Any CPU
		{B8DD1B28-301A-48DC-8C13-60238D7435C7}.Release|ARM.Deploy.0 = Release|Any CPU
		{B8DD1B28-301A-48DC-8C13-60238D7435C7}.Release|iPhone.ActiveCfg = Release|Any CPU
		{B8DD1B28-301A-48DC-8C13-60238D7435C7}.Release|iPhone.Build.0 = Release|Any CPU
		{B8DD1B28-301A-48DC-8C13-60238D7435C7}.Release|iPhone.Deploy.0 = Release|Any CPU
		{B8DD1B28-301A-48DC-8C13-60238D7435C7}.Release|iPhoneSimulator.ActiveCfg = Release|Any CPU
		{B8DD1B28-301A-48DC-8C13-60238D7435C7}.Release|iPhoneSimulator.Build.0 = Release|Any CPU
		{B8DD1B28-301A-48DC-8C13-60238D7435C7}.Release|iPhoneSimulator.Deploy.0 = Release|Any CPU
		{B8DD1B28-301A-48DC-8C13-60238D7435C7}.Release|x64.ActiveCfg = Release|Any CPU
		{B8DD1B28-301A-48DC-8C13-60238D7435C7}.Release|x64.Build.0 = Release|Any CPU
		{B8DD1B28-301A-48DC-8C13-60238D7435C7}.Release|x64.Deploy.0 = Release|Any CPU
		{B8DD1B28-301A-48DC-8C13-60238D7435C7}.Release|x86.ActiveCfg = Release|Any CPU
		{B8DD1B28-301A-48DC-8C13-60238D7435C7}.Release|x86.Build.0 = Release|Any CPU
		{B8DD1B28-301A-48DC-8C13-60238D7435C7}.Release|x86.Deploy.0 = Release|Any CPU
	EndGlobalSection
	GlobalSection(SolutionProperties) = preSolution
		HideSolutionNode = FALSE
	EndGlobalSection
	GlobalSection(ExtensibilityGlobals) = postSolution
		SolutionGuid = {DDCF0F44-F70F-47FC-BF15-26141EA1C392}
	EndGlobalSection
EndGlobal
